{
  "originHash" : "0d7d253088ac4f9b19601290a40a1c6cf70e41cdaf10d591d1c8d84e026eebc9",
  "pins" : [
    {
      "identity" : "free-exercise-db-plusplus",
      "kind" : "remoteSourceControl",
      "location" : "https://github.com/johnarleyburns/free-exercise-db-plusplus.git",
      "state" : {
        "revision" : "bde361ebed6f5fd7b7d2c893eaa8f5deb6bf191f",
        "version" : "1.15.4"
      }
    }
  ],
  "version" : 3
}
