{
  "originHash" : "6b236a5b95be6e8715bb570f131769b7e3d4e89506f1dd69e46fb12ff89921ca",
  "pins" : [
    {
      "identity" : "free-exercise-db-plusplus",
      "kind" : "remoteSourceControl",
      "location" : "https://github.com/johnarleyburns/free-exercise-db-plusplus.git",
      "state" : {
        "revision" : "352652cabde1625fbd856cb9a90c1a685c511e9c",
        "version" : "1.16.0"
      }
    }
  ],
  "version" : 3
}
